
Microsoft Visual Studio Solution File, Format Version 12.00
# Visual Studio Version 17
VisualStudioVersion = 17.8.34511.84
MinimumVisualStudioVersion = 10.0.40219.1
Project("{FAE04EC0-301F-11D3-BF4B-00C04F79EFBC}") = "Gaku", "Gaku\Gaku.csproj", "{73A48754-A0E2-47DB-BDCA-596A8A9D60DA}"
EndProject
Global
	GlobalSection(SolutionConfigurationPlatforms) = preSolution
		Debug|Any CPU = Debug|Any CPU
		Release|Any CPU = Release|Any CPU
	EndGlobalSection
	GlobalSection(ProjectConfigurationPlatforms) = postSolution
		{73A48754-A0E2-47DB-BDCA-596A8A9D60DA}.Debug|Any CPU.ActiveCfg = Debug|Any CPU
		{73A48754-A0E2-47DB-BDCA-596A8A9D60DA}.Debug|Any CPU.Build.0 = Debug|Any CPU
		{73A48754-A0E2-47DB-BDCA-596A8A9D60DA}.Debug|Any CPU.Deploy.0 = Debug|Any CPU
		{73A48754-A0E2-47DB-BDCA-596A8A9D60DA}.Release|Any CPU.ActiveCfg = Release|Any CPU
		{73A48754-A0E2-47DB-BDCA-596A8A9D60DA}.Release|Any CPU.Build.0 = Release|Any CPU
		{73A48754-A0E2-47DB-BDCA-596A8A9D60DA}.Release|Any CPU.Deploy.0 = Release|Any CPU
	EndGlobalSection
	GlobalSection(SolutionProperties) = preSolution
		HideSolutionNode = FALSE
	EndGlobalSection
	GlobalSection(ExtensibilityGlobals) = postSolution
		SolutionGuid = {D2E0A522-851B-4468-8F48-208523DEFF0D}
	EndGlobalSection
EndGlobal
